
Microsoft Visual Studio Solution File, Format Version 12.00
# Visual Studio Version 17
VisualStudioVersion = 17.5.001.0
MinimumVisualStudioVersion = 10.0.40219.1
Project("{9A19103F-16F7-4668-BE54-9A1E7A4F7556}") = "EntityFrameworkCoreBasico", "EntityFrameworkCoreBasico.csproj", "{2CE72B67-C312-4136-A1ED-840934CB7BD0}"
EndProject
Global
	GlobalSection(SolutionConfigurationPlatforms) = preSolution
		Debug|Any CPU = Debug|Any CPU
		Release|Any CPU = Release|Any CPU
	EndGlobalSection
	GlobalSection(ProjectConfigurationPlatforms) = postSolution
		{2CE72B67-C312-4136-A1ED-840934CB7BD0}.Debug|Any CPU.ActiveCfg = Debug|Any CPU
		{2CE72B67-C312-4136-A1ED-840934CB7BD0}.Debug|Any CPU.Build.0 = Debug|Any CPU
		{2CE72B67-C312-4136-A1ED-840934CB7BD0}.Release|Any CPU.ActiveCfg = Release|Any CPU
		{2CE72B67-C312-4136-A1ED-840934CB7BD0}.Release|Any CPU.Build.0 = Release|Any CPU
	EndGlobalSection
	GlobalSection(SolutionProperties) = preSolution
		HideSolutionNode = FALSE
	EndGlobalSection
	GlobalSection(ExtensibilityGlobals) = postSolution
		SolutionGuid = {DF31C2C5-3B89-4167-9F9F-809A45972B7A}
	EndGlobalSection
EndGlobal
